Microsoft Visual Studio Solution File, Format Version 11.00
# Visual Studio 2008

Project("{0FC0909F-54FB-A6B0-F19A-6D8D9868338E}") = "Finger-Soccer-Game-Kit-cm", "Assembly-CSharp-firstpass.csproj", "{FEA68AA8-8F0C-7993-4B47-E3D8E0681EF3}"
EndProject
Project("{0FC0909F-54FB-A6B0-F19A-6D8D9868338E}") = "Finger-Soccer-Game-Kit-cm", "Assembly-CSharp.csproj", "{DA11705E-2BE1-9BD6-80E3-8A36143A0844}"
EndProject
Global
	GlobalSection(SolutionConfigurationPlatforms) = preSolution
		Debug|Any CPU = Debug|Any CPU
		Release|Any CPU = Release|Any CPU
	EndGlobalSection
	GlobalSection(ProjectConfigurationPlatforms) = postSolution
		{FEA68AA8-8F0C-7993-4B47-E3D8E0681EF3}.Debug|Any CPU.ActiveCfg = Debug|Any CPU
		{FEA68AA8-8F0C-7993-4B47-E3D8E0681EF3}.Debug|Any CPU.Build.0 = Debug|Any CPU
		{FEA68AA8-8F0C-7993-4B47-E3D8E0681EF3}.Release|Any CPU.ActiveCfg = Release|Any CPU
		{FEA68AA8-8F0C-7993-4B47-E3D8E0681EF3}.Release|Any CPU.Build.0 = Release|Any CPU
		{DA11705E-2BE1-9BD6-80E3-8A36143A0844}.Debug|Any CPU.ActiveCfg = Debug|Any CPU
		{DA11705E-2BE1-9BD6-80E3-8A36143A0844}.Debug|Any CPU.Build.0 = Debug|Any CPU
		{DA11705E-2BE1-9BD6-80E3-8A36143A0844}.Release|Any CPU.ActiveCfg = Release|Any CPU
		{DA11705E-2BE1-9BD6-80E3-8A36143A0844}.Release|Any CPU.Build.0 = Release|Any CPU
	EndGlobalSection
	GlobalSection(SolutionProperties) = preSolution
		HideSolutionNode = FALSE
	EndGlobalSection
	GlobalSection(MonoDevelopProperties) = preSolution
		StartupItem = Assembly-CSharp.csproj
	EndGlobalSection
EndGlobal
